
Microsoft Visual Studio Solution File, Format Version 12.00
# Visual Studio Version 16
VisualStudioVersion = 25.0.1706.7
MinimumVisualStudioVersion = 10.0.40219.1
Project("{FAE04EC0-301F-11D3-BF4B-00C04F79EFBC}") = "Reductio & Absurdum", "Reductio & Absurdum\Reductio & Absurdum.csproj", "{2635157C-A5A6-4904-907B-1240D0606954}"
EndProject
Global
	GlobalSection(SolutionConfigurationPlatforms) = preSolution
		Debug|Any CPU = Debug|Any CPU
		Release|Any CPU = Release|Any CPU
	EndGlobalSection
	GlobalSection(ProjectConfigurationPlatforms) = postSolution
		{2635157C-A5A6-4904-907B-1240D0606954}.Debug|Any CPU.ActiveCfg = Debug|Any CPU
		{2635157C-A5A6-4904-907B-1240D0606954}.Debug|Any CPU.Build.0 = Debug|Any CPU
		{2635157C-A5A6-4904-907B-1240D0606954}.Release|Any CPU.ActiveCfg = Release|Any CPU
		{2635157C-A5A6-4904-907B-1240D0606954}.Release|Any CPU.Build.0 = Release|Any CPU
	EndGlobalSection
	GlobalSection(SolutionProperties) = preSolution
		HideSolutionNode = FALSE
	EndGlobalSection
	GlobalSection(ExtensibilityGlobals) = postSolution
		SolutionGuid = {3DCDB427-78FF-41D2-B1B3-6A54E3735C75}
	EndGlobalSection
EndGlobal
